
Microsoft Visual Studio Solution File, Format Version 12.00
# Visual Studio Version 17
VisualStudioVersion = 17.9.34622.214
MinimumVisualStudioVersion = 10.0.40219.1
Project("{F184B08F-C81C-45F6-A57F-5ABD9991F28F}") = "STUDENT BOX", "STUDENT BOX\STUDENT BOX.vbproj", "{83EBA2AF-5629-4BE3-8E6D-E3B269C8A071}"
EndProject
Global
	GlobalSection(SolutionConfigurationPlatforms) = preSolution
		Debug|Any CPU = Debug|Any CPU
		Release|Any CPU = Release|Any CPU
	EndGlobalSection
	GlobalSection(ProjectConfigurationPlatforms) = postSolution
		{83EBA2AF-5629-4BE3-8E6D-E3B269C8A071}.Debug|Any CPU.ActiveCfg = Debug|Any CPU
		{83EBA2AF-5629-4BE3-8E6D-E3B269C8A071}.Debug|Any CPU.Build.0 = Debug|Any CPU
		{83EBA2AF-5629-4BE3-8E6D-E3B269C8A071}.Release|Any CPU.ActiveCfg = Release|Any CPU
		{83EBA2AF-5629-4BE3-8E6D-E3B269C8A071}.Release|Any CPU.Build.0 = Release|Any CPU
	EndGlobalSection
	GlobalSection(SolutionProperties) = preSolution
		HideSolutionNode = FALSE
	EndGlobalSection
	GlobalSection(ExtensibilityGlobals) = postSolution
		SolutionGuid = {1EE7D782-B414-4919-9140-34E4D8D073CD}
	EndGlobalSection
EndGlobal
